
Microsoft Visual Studio Solution File, Format Version 12.00
# Visual Studio Version 17
VisualStudioVersion = 17.13.36105.23
MinimumVisualStudioVersion = 10.0.40219.1
Project("{2150E333-8FDC-42A3-9474-1A3956D46DE8}") = "Core", "Core", "{02EA681E-C7D8-13C7-8484-4AC65E1B71E8}"
EndProject
Project("{2150E333-8FDC-42A3-9474-1A3956D46DE8}") = "Infrastructure", "Infrastructure", "{A71BD287-73EB-47EA-A092-0B3DC3EDFE64}"
EndProject
Project("{2150E333-8FDC-42A3-9474-1A3956D46DE8}") = "Presentation", "Presentation", "{3AF22749-BBB8-4958-8C27-AD7D55A9D840}"
EndProject
Project("{FAE04EC0-301F-11D3-BF4B-00C04F79EFBC}") = "PArticle.Application", "Core\PArticle.Application\PArticle.Application.csproj", "{013D7890-D69A-4ACC-BF5D-C8C6E4AFBB3B}"
EndProject
Project("{FAE04EC0-301F-11D3-BF4B-00C04F79EFBC}") = "PArticle.Domain", "Core\PArticle.Domain\PArticle.Domain.csproj", "{A337D278-E216-4819-91E3-98356B44D1BE}"
EndProject
Project("{FAE04EC0-301F-11D3-BF4B-00C04F79EFBC}") = "PArticle.Infrastructure", "Infrastructure\PArticle.Infrastructure\PArticle.Infrastructure.csproj", "{708E4F63-4787-47D0-B972-7D55263A1C10}"
EndProject
Project("{FAE04EC0-301F-11D3-BF4B-00C04F79EFBC}") = "PArticle.Persistence", "Infrastructure\PArticle.Persistence\PArticle.Persistence.csproj", "{C3C7F8BC-02C6-4776-92AB-292B2317AF65}"
EndProject
Project("{FAE04EC0-301F-11D3-BF4B-00C04F79EFBC}") = "Particle.API", "Presentation\Particle.API\Particle.API.csproj", "{C8E510DE-1F1F-4C28-9C8D-2579B9DF9FA1}"
EndProject
Project("{FAE04EC0-301F-11D3-BF4B-00C04F79EFBC}") = "PArticle.Application.Abstractions", "Core\PArticle.Application.Abstractions\PArticle.Application.Abstractions.csproj", "{B2867C73-65B5-48D8-BDC6-AB872C6884C0}"
EndProject
Project("{FAE04EC0-301F-11D3-BF4B-00C04F79EFBC}") = "Domain.Contracts", "Core\Domain.Contracts\Domain.Contracts.csproj", "{3B7D5D52-B053-4A39-A685-C3701C99BD79}"
EndProject
Project("{2150E333-8FDC-42A3-9474-1A3956D46DE8}") = "Subscribers", "Subscribers", "{14FA9AE6-4497-48A9-B611-62E33EB2B614}"
	ProjectSection(SolutionItems) = preProject
		Subscribers\Dockerfile_Article = Subscribers\Dockerfile_Article
		Subscribers\Dockerfile_Category = Subscribers\Dockerfile_Category
		Subscribers\Dockerfile_Log = Subscribers\Dockerfile_Log
		Subscribers\Dockerfile_Menu = Subscribers\Dockerfile_Menu
		Subscribers\Dockerfile_Tag = Subscribers\Dockerfile_Tag
	EndProjectSection
EndProject
Project("{FAE04EC0-301F-11D3-BF4B-00C04F79EFBC}") = "PArticle.TagSubscriber", "Subscribers\PArticle.TagSubscriber\PArticle.TagSubscriber.csproj", "{86E0CB6A-55D3-4B03-8B52-9C99F4D3ED0F}"
EndProject
Project("{FAE04EC0-301F-11D3-BF4B-00C04F79EFBC}") = "PArticle.Subscribers.Core", "Subscribers\PArticle.Subscribers.Core\PArticle.Subscribers.Core.csproj", "{89B1FAF3-A819-432A-857C-73F63348C7C7}"
EndProject
Project("{FAE04EC0-301F-11D3-BF4B-00C04F79EFBC}") = "PArticle.CategorySubscriber", "Subscribers\PArticle.CategorySubscriber\PArticle.CategorySubscriber.csproj", "{02281CC5-6D68-47D0-B5CC-BE3CB5EA7C1C}"
EndProject
Project("{FAE04EC0-301F-11D3-BF4B-00C04F79EFBC}") = "PArticle.ArticleSubscriber", "Subscribers\PArticle.ArticleSubscriber\PArticle.ArticleSubscriber.csproj", "{DFD1F377-E627-4907-BE99-B6BE8BA31D26}"
EndProject
Project("{FAE04EC0-301F-11D3-BF4B-00C04F79EFBC}") = "PArticle.LogSubscriber", "Subscribers\PArticle.LogSubscriber\PArticle.LogSubscriber.csproj", "{2CDFB67B-5E74-4FD0-9222-F69A674A8B28}"
EndProject
Project("{FAE04EC0-301F-11D3-BF4B-00C04F79EFBC}") = "PArticle.MenuItemSubscriber", "Subscribers\PArticle.MenuItemSubscriber\PArticle.MenuItemSubscriber.csproj", "{5345C051-B4D2-4EF4-BA5C-4364C6A16967}"
EndProject
Project("{FAE04EC0-301F-11D3-BF4B-00C04F79EFBC}") = "PArticle.Shared", "Core\PArticle.Shared\PArticle.Shared.csproj", "{15385B9E-53C8-42E2-A3C8-6A7587954B7D}"
EndProject
Global
	GlobalSection(SolutionConfigurationPlatforms) = preSolution
		Debug|Any CPU = Debug|Any CPU
		Release|Any CPU = Release|Any CPU
	EndGlobalSection
	GlobalSection(ProjectConfigurationPlatforms) = postSolution
		{013D7890-D69A-4ACC-BF5D-C8C6E4AFBB3B}.Debug|Any CPU.ActiveCfg = Debug|Any CPU
		{013D7890-D69A-4ACC-BF5D-C8C6E4AFBB3B}.Debug|Any CPU.Build.0 = Debug|Any CPU
		{013D7890-D69A-4ACC-BF5D-C8C6E4AFBB3B}.Release|Any CPU.ActiveCfg = Release|Any CPU
		{013D7890-D69A-4ACC-BF5D-C8C6E4AFBB3B}.Release|Any CPU.Build.0 = Release|Any CPU
		{A337D278-E216-4819-91E3-98356B44D1BE}.Debug|Any CPU.ActiveCfg = Debug|Any CPU
		{A337D278-E216-4819-91E3-98356B44D1BE}.Debug|Any CPU.Build.0 = Debug|Any CPU
		{A337D278-E216-4819-91E3-98356B44D1BE}.Release|Any CPU.ActiveCfg = Release|Any CPU
		{A337D278-E216-4819-91E3-98356B44D1BE}.Release|Any CPU.Build.0 = Release|Any CPU
		{708E4F63-4787-47D0-B972-7D55263A1C10}.Debug|Any CPU.ActiveCfg = Debug|Any CPU
		{708E4F63-4787-47D0-B972-7D55263A1C10}.Debug|Any CPU.Build.0 = Debug|Any CPU
		{708E4F63-4787-47D0-B972-7D55263A1C10}.Release|Any CPU.ActiveCfg = Release|Any CPU
		{708E4F63-4787-47D0-B972-7D55263A1C10}.Release|Any CPU.Build.0 = Release|Any CPU
		{C3C7F8BC-02C6-4776-92AB-292B2317AF65}.Debug|Any CPU.ActiveCfg = Debug|Any CPU
		{C3C7F8BC-02C6-4776-92AB-292B2317AF65}.Debug|Any CPU.Build.0 = Debug|Any CPU
		{C3C7F8BC-02C6-4776-92AB-292B2317AF65}.Release|Any CPU.ActiveCfg = Release|Any CPU
		{C3C7F8BC-02C6-4776-92AB-292B2317AF65}.Release|Any CPU.Build.0 = Release|Any CPU
		{C8E510DE-1F1F-4C28-9C8D-2579B9DF9FA1}.Debug|Any CPU.ActiveCfg = Debug|Any CPU
		{C8E510DE-1F1F-4C28-9C8D-2579B9DF9FA1}.Debug|Any CPU.Build.0 = Debug|Any CPU
		{C8E510DE-1F1F-4C28-9C8D-2579B9DF9FA1}.Release|Any CPU.ActiveCfg = Release|Any CPU
		{C8E510DE-1F1F-4C28-9C8D-2579B9DF9FA1}.Release|Any CPU.Build.0 = Release|Any CPU
		{B2867C73-65B5-48D8-BDC6-AB872C6884C0}.Debug|Any CPU.ActiveCfg = Debug|Any CPU
		{B2867C73-65B5-48D8-BDC6-AB872C6884C0}.Debug|Any CPU.Build.0 = Debug|Any CPU
		{B2867C73-65B5-48D8-BDC6-AB872C6884C0}.Release|Any CPU.ActiveCfg = Release|Any CPU
		{B2867C73-65B5-48D8-BDC6-AB872C6884C0}.Release|Any CPU.Build.0 = Release|Any CPU
		{3B7D5D52-B053-4A39-A685-C3701C99BD79}.Debug|Any CPU.ActiveCfg = Debug|Any CPU
		{3B7D5D52-B053-4A39-A685-C3701C99BD79}.Debug|Any CPU.Build.0 = Debug|Any CPU
		{3B7D5D52-B053-4A39-A685-C3701C99BD79}.Release|Any CPU.ActiveCfg = Release|Any CPU
		{3B7D5D52-B053-4A39-A685-C3701C99BD79}.Release|Any CPU.Build.0 = Release|Any CPU
		{86E0CB6A-55D3-4B03-8B52-9C99F4D3ED0F}.Debug|Any CPU.ActiveCfg = Debug|Any CPU
		{86E0CB6A-55D3-4B03-8B52-9C99F4D3ED0F}.Debug|Any CPU.Build.0 = Debug|Any CPU
		{86E0CB6A-55D3-4B03-8B52-9C99F4D3ED0F}.Release|Any CPU.ActiveCfg = Release|Any CPU
		{86E0CB6A-55D3-4B03-8B52-9C99F4D3ED0F}.Release|Any CPU.Build.0 = Release|Any CPU
		{89B1FAF3-A819-432A-857C-73F63348C7C7}.Debug|Any CPU.ActiveCfg = Debug|Any CPU
		{89B1FAF3-A819-432A-857C-73F63348C7C7}.Debug|Any CPU.Build.0 = Debug|Any CPU
		{89B1FAF3-A819-432A-857C-73F63348C7C7}.Release|Any CPU.ActiveCfg = Release|Any CPU
		{89B1FAF3-A819-432A-857C-73F63348C7C7}.Release|Any CPU.Build.0 = Release|Any CPU
		{02281CC5-6D68-47D0-B5CC-BE3CB5EA7C1C}.Debug|Any CPU.ActiveCfg = Debug|Any CPU
		{02281CC5-6D68-47D0-B5CC-BE3CB5EA7C1C}.Debug|Any CPU.Build.0 = Debug|Any CPU
		{02281CC5-6D68-47D0-B5CC-BE3CB5EA7C1C}.Release|Any CPU.ActiveCfg = Release|Any CPU
		{02281CC5-6D68-47D0-B5CC-BE3CB5EA7C1C}.Release|Any CPU.Build.0 = Release|Any CPU
		{DFD1F377-E627-4907-BE99-B6BE8BA31D26}.Debug|Any CPU.ActiveCfg = Debug|Any CPU
		{DFD1F377-E627-4907-BE99-B6BE8BA31D26}.Debug|Any CPU.Build.0 = Debug|Any CPU
		{DFD1F377-E627-4907-BE99-B6BE8BA31D26}.Release|Any CPU.ActiveCfg = Release|Any CPU
		{DFD1F377-E627-4907-BE99-B6BE8BA31D26}.Release|Any CPU.Build.0 = Release|Any CPU
		{2CDFB67B-5E74-4FD0-9222-F69A674A8B28}.Debug|Any CPU.ActiveCfg = Debug|Any CPU
		{2CDFB67B-5E74-4FD0-9222-F69A674A8B28}.Debug|Any CPU.Build.0 = Debug|Any CPU
		{2CDFB67B-5E74-4FD0-9222-F69A674A8B28}.Release|Any CPU.ActiveCfg = Release|Any CPU
		{2CDFB67B-5E74-4FD0-9222-F69A674A8B28}.Release|Any CPU.Build.0 = Release|Any CPU
		{5345C051-B4D2-4EF4-BA5C-4364C6A16967}.Debug|Any CPU.ActiveCfg = Debug|Any CPU
		{5345C051-B4D2-4EF4-BA5C-4364C6A16967}.Debug|Any CPU.Build.0 = Debug|Any CPU
		{5345C051-B4D2-4EF4-BA5C-4364C6A16967}.Release|Any CPU.ActiveCfg = Release|Any CPU
		{5345C051-B4D2-4EF4-BA5C-4364C6A16967}.Release|Any CPU.Build.0 = Release|Any CPU
		{15385B9E-53C8-42E2-A3C8-6A7587954B7D}.Debug|Any CPU.ActiveCfg = Debug|Any CPU
		{15385B9E-53C8-42E2-A3C8-6A7587954B7D}.Debug|Any CPU.Build.0 = Debug|Any CPU
		{15385B9E-53C8-42E2-A3C8-6A7587954B7D}.Release|Any CPU.ActiveCfg = Release|Any CPU
		{15385B9E-53C8-42E2-A3C8-6A7587954B7D}.Release|Any CPU.Build.0 = Release|Any CPU
	EndGlobalSection
	GlobalSection(SolutionProperties) = preSolution
		HideSolutionNode = FALSE
	EndGlobalSection
	GlobalSection(NestedProjects) = preSolution
		{013D7890-D69A-4ACC-BF5D-C8C6E4AFBB3B} = {02EA681E-C7D8-13C7-8484-4AC65E1B71E8}
		{A337D278-E216-4819-91E3-98356B44D1BE} = {02EA681E-C7D8-13C7-8484-4AC65E1B71E8}
		{708E4F63-4787-47D0-B972-7D55263A1C10} = {A71BD287-73EB-47EA-A092-0B3DC3EDFE64}
		{C3C7F8BC-02C6-4776-92AB-292B2317AF65} = {A71BD287-73EB-47EA-A092-0B3DC3EDFE64}
		{C8E510DE-1F1F-4C28-9C8D-2579B9DF9FA1} = {3AF22749-BBB8-4958-8C27-AD7D55A9D840}
		{B2867C73-65B5-48D8-BDC6-AB872C6884C0} = {02EA681E-C7D8-13C7-8484-4AC65E1B71E8}
		{3B7D5D52-B053-4A39-A685-C3701C99BD79} = {02EA681E-C7D8-13C7-8484-4AC65E1B71E8}
		{86E0CB6A-55D3-4B03-8B52-9C99F4D3ED0F} = {14FA9AE6-4497-48A9-B611-62E33EB2B614}
		{89B1FAF3-A819-432A-857C-73F63348C7C7} = {14FA9AE6-4497-48A9-B611-62E33EB2B614}
		{02281CC5-6D68-47D0-B5CC-BE3CB5EA7C1C} = {14FA9AE6-4497-48A9-B611-62E33EB2B614}
		{DFD1F377-E627-4907-BE99-B6BE8BA31D26} = {14FA9AE6-4497-48A9-B611-62E33EB2B614}
		{2CDFB67B-5E74-4FD0-9222-F69A674A8B28} = {14FA9AE6-4497-48A9-B611-62E33EB2B614}
		{5345C051-B4D2-4EF4-BA5C-4364C6A16967} = {14FA9AE6-4497-48A9-B611-62E33EB2B614}
		{15385B9E-53C8-42E2-A3C8-6A7587954B7D} = {02EA681E-C7D8-13C7-8484-4AC65E1B71E8}
	EndGlobalSection
	GlobalSection(ExtensibilityGlobals) = postSolution
		SolutionGuid = {4AB50E40-B752-4F0A-AE07-C98A0488560A}
	EndGlobalSection
EndGlobal
